<?xml version="1.0" encoding="utf-8"?>
<Project ToolsVersion="4.0" xmlns="http://schemas.microsoft.com/developer/msbuild/2003">
  <ItemGroup>
    <ClCompile Include="compiler\c_ast_binary_op.c">
      <Filter>compiler</Filter>
    </ClCompile>
    <ClCompile Include="compiler\c_ast_context.c">
      <Filter>compiler</Filter>
    </ClCompile>
    <ClCompile Include="compiler\c_ast_flow_control.c">
      <Filter>compiler</Filter>
    </ClCompile>
    <ClCompile Include="compiler\c_ast_func.c">
      <Filter>compiler</Filter>
    </ClCompile>
    <ClCompile Include="compiler\c_ast_func_arg.c">
      <Filter>compiler</Filter>
    </ClCompile>
    <ClCompile Include="compiler\c_ast_func_call.c">
      <Filter>compiler</Filter>
    </ClCompile>
    <ClCompile Include="compiler\c_ast_func_ref.c">
      <Filter>compiler</Filter>
    </ClCompile>
    <ClCompile Include="compiler\c_ast_param_list.c">
      <Filter>compiler</Filter>
    </ClCompile>
    <ClCompile Include="compiler\c_ast_literal.c">
      <Filter>compiler</Filter>
    </ClCompile>
    <ClCompile Include="compiler\c_ast_node.c">
      <Filter>compiler</Filter>
    </ClCompile>
    <ClCompile Include="compiler\c_ast_return.c">
      <Filter>compiler</Filter>
    </ClCompile>
    <ClCompile Include="compiler\c_ast_translation_unit.c">
      <Filter>compiler</Filter>
    </ClCompile>
    <ClCompile Include="compiler\c_ast_statement.c">
      <Filter>compiler</Filter>
    </ClCompile>
    <ClCompile Include="compiler\c_ast_statement_block.c">
      <Filter>compiler</Filter>
    </ClCompile>
    <ClCompile Include="compiler\c_ast_structure.c">
      <Filter>compiler</Filter>
    </ClCompile>
    <ClCompile Include="compiler\c_ast_type_spec.c">
      <Filter>compiler</Filter>
    </ClCompile>
    <ClCompile Include="compiler\c_ast_declaration.c">
      <Filter>compiler</Filter>
    </ClCompile>
    <ClCompile Include="compiler\c_ast_variable_ref.c">
      <Filter>compiler</Filter>
    </ClCompile>
    <ClCompile Include="main.c" />
    <ClCompile Include="parser\c_parser_grammar.c" />
    <ClCompile Include="parser\c_parser.c" />
    <ClCompile Include="lexer\c_lexer_token_stream.c" />
    <ClCompile Include="compiler\c_ast_decl_spec.c">
      <Filter>compiler</Filter>
    </ClCompile>
    <ClCompile Include="compiler\c_ast_decl.c">
      <Filter>compiler</Filter>
    </ClCompile>
  </ItemGroup>
  <ItemGroup>
    <ClInclude Include="compiler\c_ast_binary_op.h">
      <Filter>compiler</Filter>
    </ClInclude>
    <ClInclude Include="compiler\c_ast_builtin_types.h">
      <Filter>compiler</Filter>
    </ClInclude>
    <ClInclude Include="compiler\c_ast_context.h">
      <Filter>compiler</Filter>
    </ClInclude>
    <ClInclude Include="compiler\c_ast_expression.h">
      <Filter>compiler</Filter>
    </ClInclude>
    <ClInclude Include="compiler\c_ast_flow_control.h">
      <Filter>compiler</Filter>
    </ClInclude>
    <ClInclude Include="compiler\c_ast_func.h">
      <Filter>compiler</Filter>
    </ClInclude>
    <ClInclude Include="compiler\c_ast_func_arg.h">
      <Filter>compiler</Filter>
    </ClInclude>
    <ClInclude Include="compiler\c_ast_func_call.h">
      <Filter>compiler</Filter>
    </ClInclude>
    <ClInclude Include="compiler\c_ast_func_ref.h">
      <Filter>compiler</Filter>
    </ClInclude>
    <ClInclude Include="compiler\c_ast_param_list.h">
      <Filter>compiler</Filter>
    </ClInclude>
    <ClInclude Include="compiler\c_ast_literal.h">
      <Filter>compiler</Filter>
    </ClInclude>
    <ClInclude Include="compiler\c_ast_node.h">
      <Filter>compiler</Filter>
    </ClInclude>
    <ClInclude Include="compiler\c_ast_return.h">
      <Filter>compiler</Filter>
    </ClInclude>
    <ClInclude Include="compiler\c_ast_translation_unit.h">
      <Filter>compiler</Filter>
    </ClInclude>
    <ClInclude Include="compiler\c_ast_statement.h">
      <Filter>compiler</Filter>
    </ClInclude>
    <ClInclude Include="compiler\c_ast_statement_block.h">
      <Filter>compiler</Filter>
    </ClInclude>
    <ClInclude Include="compiler\c_ast_structure.h">
      <Filter>compiler</Filter>
    </ClInclude>
    <ClInclude Include="compiler\c_ast_type_spec.h">
      <Filter>compiler</Filter>
    </ClInclude>
    <ClInclude Include="compiler\c_ast_unary_op.h">
      <Filter>compiler</Filter>
    </ClInclude>
    <ClInclude Include="compiler\c_ast_declaration.h">
      <Filter>compiler</Filter>
    </ClInclude>
    <ClInclude Include="compiler\c_ast_variable_ref.h">
      <Filter>compiler</Filter>
    </ClInclude>
    <ClInclude Include="lexer\c_lexer_token.h">
      <Filter>lexer</Filter>
    </ClInclude>
    <ClInclude Include="lexer\c_lexer_token_stream.h" />
    <ClInclude Include="parser\c_parser.h" />
    <ClInclude Include="parser\c_parser_grammar.h" />
    <ClInclude Include="compiler\c_ast_node_type.h" />
    <ClInclude Include="common\c_view.h">
      <Filter>common</Filter>
    </ClInclude>
    <ClInclude Include="compiler\c_ast_decl_spec.h">
      <Filter>compiler</Filter>
    </ClInclude>
    <ClInclude Include="compiler\c_ast_decl.h">
      <Filter>compiler</Filter>
    </ClInclude>
  </ItemGroup>
  <ItemGroup>
    <Filter Include="compiler">
      <UniqueIdentifier>{12d277e6-6e6d-45ac-92a7-63ae0353488e}</UniqueIdentifier>
    </Filter>
    <Filter Include="lexer">
      <UniqueIdentifier>{db025a20-0eed-4f09-9c1f-ce1731cb61e9}</UniqueIdentifier>
    </Filter>
    <Filter Include="common">
      <UniqueIdentifier>{7ffdebc1-04bd-44da-9329-eabb2e3775f4}</UniqueIdentifier>
    </Filter>
  </ItemGroup>
</Project>