<?xml version="1.0" encoding="utf-8"?>
<Project ToolsVersion="4.0" xmlns="http://schemas.microsoft.com/developer/msbuild/2003">
  <ItemGroup>
    <Filter Include="Source Files">
      <UniqueIdentifier>{4FC737F1-C7A5-4376-A066-2A32D752A2FF}</UniqueIdentifier>
      <Extensions>cpp;c;cc;cxx;def;odl;idl;hpj;bat;asm;asmx</Extensions>
    </Filter>
  </ItemGroup>
  <ItemGroup>
    <ClCompile Include="main.c">
      <Filter>Source Files</Filter>
    </ClCompile>
    <ClCompile Include="binary_op.c">
      <Filter>Source Files</Filter>
    </ClCompile>
    <ClCompile Include="ast_node.c">
      <Filter>Source Files</Filter>
    </ClCompile>
    <ClCompile Include="flow_control.c">
      <Filter>Source Files</Filter>
    </ClCompile>
    <ClCompile Include="variable_ref.c">
      <Filter>Source Files</Filter>
    </ClCompile>
    <ClCompile Include="function.c">
      <Filter>Source Files</Filter>
    </ClCompile>
    <ClCompile Include="function_ref.c">
      <Filter>Source Files</Filter>
    </ClCompile>
    <ClCompile Include="variable.c">
      <Filter>Source Files</Filter>
    </ClCompile>
    <ClCompile Include="ast_context.c">
      <Filter>Source Files</Filter>
    </ClCompile>
    <ClCompile Include="statement.c">
      <Filter>Source Files</Filter>
    </ClCompile>
    <ClCompile Include="return.c">
      <Filter>Source Files</Filter>
    </ClCompile>
    <ClCompile Include="structure.c">
      <Filter>Source Files</Filter>
    </ClCompile>
    <ClCompile Include="source_file.c">
      <Filter>Source Files</Filter>
    </ClCompile>
    <ClCompile Include="typename.c">
      <Filter>Source Files</Filter>
    </ClCompile>
    <ClCompile Include="function_sig.c">
      <Filter>Source Files</Filter>
    </ClCompile>
    <ClCompile Include="function_arg.c">
      <Filter>Source Files</Filter>
    </ClCompile>
    <ClCompile Include="statement_block.c">
      <Filter>Source Files</Filter>
    </ClCompile>
  </ItemGroup>
  <ItemGroup>
    <ClInclude Include="variable.h">
      <Filter>Source Files</Filter>
    </ClInclude>
    <ClInclude Include="ast_node.h">
      <Filter>Source Files</Filter>
    </ClInclude>
    <ClInclude Include="binary_op.h">
      <Filter>Source Files</Filter>
    </ClInclude>
    <ClInclude Include="unary_op.h">
      <Filter>Source Files</Filter>
    </ClInclude>
    <ClInclude Include="variable_ref.h">
      <Filter>Source Files</Filter>
    </ClInclude>
    <ClInclude Include="statement.h">
      <Filter>Source Files</Filter>
    </ClInclude>
    <ClInclude Include="flow_control.h">
      <Filter>Source Files</Filter>
    </ClInclude>
    <ClInclude Include="builtin_types.h">
      <Filter>Source Files</Filter>
    </ClInclude>
    <ClInclude Include="ast_context.h">
      <Filter>Source Files</Filter>
    </ClInclude>
    <ClInclude Include="function.h">
      <Filter>Source Files</Filter>
    </ClInclude>
    <ClInclude Include="function_ref.h">
      <Filter>Source Files</Filter>
    </ClInclude>
    <ClInclude Include="return.h">
      <Filter>Source Files</Filter>
    </ClInclude>
    <ClInclude Include="function_arg.h">
      <Filter>Source Files</Filter>
    </ClInclude>
    <ClInclude Include="structure.h">
      <Filter>Source Files</Filter>
    </ClInclude>
    <ClInclude Include="source_file.h">
      <Filter>Source Files</Filter>
    </ClInclude>
    <ClInclude Include="typename.h">
      <Filter>Source Files</Filter>
    </ClInclude>
    <ClInclude Include="function_sig.h">
      <Filter>Source Files</Filter>
    </ClInclude>
    <ClInclude Include="statement_block.h">
      <Filter>Source Files</Filter>
    </ClInclude>
  </ItemGroup>
</Project>